// !$*UTF8*$!
{
	archiveVersion = 1;
	classes = {
	};
	objectVersion = 46;
	objects = {

/* Begin PBXBuildFile section */
		A3A054351C21136600FD097B /* main.m in Sources */ = {isa = PBXBuildFile; fileRef = A3A054341C21136600FD097B /* main.m */; };
		A3A054381C21136600FD097B /* AppDelegate.m in Sources */ = {isa = PBXBuildFile; fileRef = A3A054371C21136600FD097B /* AppDelegate.m */; };
		A3A0543B1C21136600FD097B /* ViewController.m in Sources */ = {isa = PBXBuildFile; fileRef = A3A0543A1C21136600FD097B /* ViewController.m */; };
		A3A0543E1C21136600FD097B /* Main.storyboard in Resources */ = {isa = PBXBuildFile; fileRef = A3A0543C1C21136600FD097B /* Main.storyboard */; };
		A3A054401C21136600FD097B /* Assets.xcassets in Resources */ = {isa = PBXBuildFile; fileRef = A3A0543F1C21136600FD097B /* Assets.xcassets */; };
		A3A054431C21136600FD097B /* LaunchScreen.storyboard in Resources */ = {isa = PBXBuildFile; fileRef = A3A054411C21136600FD097B /* LaunchScreen.storyboard */; };
		A3A0544E1C21136700FD097B /* CategoriesTests.m in Sources */ = {isa = PBXBuildFile; fileRef = A3A0544D1C21136700FD097B /* CategoriesTests.m */; };
		A3A054591C21136700FD097B /* CategoriesUITests.m in Sources */ = {isa = PBXBuildFile; fileRef = A3A054581C21136700FD097B /* CategoriesUITests.m */; };
/* End PBXBuildFile section */

/* Begin PBXContainerItemProxy section */
		A3A0544A1C21136700FD097B /* PBXContainerItemProxy */ = {
			isa = PBXContainerItemProxy;
			containerPortal = A3A054281C21136600FD097B /* Project object */;
			proxyType = 1;
			remoteGlobalIDString = A3A0542F1C21136600FD097B;
			remoteInfo = Categories;
		};
		A3A054551C21136700FD097B /* PBXContainerItemProxy */ = {
			isa = PBXContainerItemProxy;
			containerPortal = A3A054281C21136600FD097B /* Project object */;
			proxyType = 1;
			remoteGlobalIDString = A3A0542F1C21136600FD097B;
			remoteInfo = Categories;
		};
/* End PBXContainerItemProxy section */

/* Begin PBXFileReference section */
		A3A054301C21136600FD097B /* Categories.app */ = {isa = PBXFileReference; explicitFileType = wrapper.application; includeInIndex = 0; path = Categories.app; sourceTree = BUILT_PRODUCTS_DIR; };
		A3A054341C21136600FD097B /* main.m */ = {isa = PBXFileReference; lastKnownFileType = sourcecode.c.objc; path = main.m; sourceTree = "<group>"; };
		A3A054361C21136600FD097B /* AppDelegate.h */ = {isa = PBXFileReference; lastKnownFileType = sourcecode.c.h; path = AppDelegate.h; sourceTree = "<group>"; };
		A3A054371C21136600FD097B /* AppDelegate.m */ = {isa = PBXFileReference; lastKnownFileType = sourcecode.c.objc; path = AppDelegate.m; sourceTree = "<group>"; };
		A3A054391C21136600FD097B /* ViewController.h */ = {isa = PBXFileReference; lastKnownFileType = sourcecode.c.h; path = ViewController.h; sourceTree = "<group>"; };
		A3A0543A1C21136600FD097B /* ViewController.m */ = {isa = PBXFileReference; lastKnownFileType = sourcecode.c.objc; path = ViewController.m; sourceTree = "<group>"; };
		A3A0543D1C21136600FD097B /* Base */ = {isa = PBXFileReference; lastKnownFileType = file.storyboard; name = Base; path = Base.lproj/Main.storyboard; sourceTree = "<group>"; };
		A3A0543F1C21136600FD097B /* Assets.xcassets */ = {isa = PBXFileReference; lastKnownFileType = folder.assetcatalog; path = Assets.xcassets; sourceTree = "<group>"; };
		A3A054421C21136600FD097B /* Base */ = {isa = PBXFileReference; lastKnownFileType = file.storyboard; name = Base; path = Base.lproj/LaunchScreen.storyboard; sourceTree = "<group>"; };
		A3A054441C21136600FD097B /* Info.plist */ = {isa = PBXFileReference; lastKnownFileType = text.plist.xml; path = Info.plist; sourceTree = "<group>"; };
		A3A054491C21136700FD097B /* CategoriesTests.xctest */ = {isa = PBXFileReference; explicitFileType = wrapper.cfbundle; includeInIndex = 0; path = CategoriesTests.xctest; sourceTree = BUILT_PRODUCTS_DIR; };
		A3A0544D1C21136700FD097B /* CategoriesTests.m */ = {isa = PBXFileReference; lastKnownFileType = sourcecode.c.objc; path = CategoriesTests.m; sourceTree = "<group>"; };
		A3A0544F1C21136700FD097B /* Info.plist */ = {isa = PBXFileReference; lastKnownFileType = text.plist.xml; path = Info.plist; sourceTree = "<group>"; };
		A3A054541C21136700FD097B /* CategoriesUITests.xctest */ = {isa = PBXFileReference; explicitFileType = wrapper.cfbundle; includeInIndex = 0; path = CategoriesUITests.xctest; sourceTree = BUILT_PRODUCTS_DIR; };
		A3A054581C21136700FD097B /* CategoriesUITests.m */ = {isa = PBXFileReference; lastKnownFileType = sourcecode.c.objc; path = CategoriesUITests.m; sourceTree = "<group>"; };
		A3A0545A1C21136700FD097B /* Info.plist */ = {isa = PBXFileReference; lastKnownFileType = text.plist.xml; path = Info.plist; sourceTree = "<group>"; };
/* End PBXFileReference section */

/* Begin PBXFrameworksBuildPhase section */
		A3A0542D1C21136600FD097B /* Frameworks */ = {
			isa = PBXFrameworksBuildPhase;
			buildActionMask = 2147483647;
			files = (
			);
			runOnlyForDeploymentPostprocessing = 0;
		};
		A3A054461C21136700FD097B /* Frameworks */ = {
			isa = PBXFrameworksBuildPhase;
			buildActionMask = 2147483647;
			files = (
			);
			runOnlyForDeploymentPostprocessing = 0;
		};
		A3A054511C21136700FD097B /* Frameworks */ = {
			isa = PBXFrameworksBuildPhase;
			buildActionMask = 2147483647;
			files = (
			);
			runOnlyForDeploymentPostprocessing = 0;
		};
/* End PBXFrameworksBuildPhase section */

/* Begin PBXGroup section */
		A3A054271C21136600FD097B = {
			isa = PBXGroup;
			children = (
				A3A054321C21136600FD097B /* Categories */,
				A3A0544C1C21136700FD097B /* CategoriesTests */,
				A3A054571C21136700FD097B /* CategoriesUITests */,
				A3A054311C21136600FD097B /* Products */,
			);
			sourceTree = "<group>";
		};
		A3A054311C21136600FD097B /* Products */ = {
			isa = PBXGroup;
			children = (
				A3A054301C21136600FD097B /* Categories.app */,
				A3A054491C21136700FD097B /* CategoriesTests.xctest */,
				A3A054541C21136700FD097B /* CategoriesUITests.xctest */,
			);
			name = Products;
			sourceTree = "<group>";
		};
		A3A054321C21136600FD097B /* Categories */ = {
			isa = PBXGroup;
			children = (
				A3A054361C21136600FD097B /* AppDelegate.h */,
				A3A054371C21136600FD097B /* AppDelegate.m */,
				A3A054391C21136600FD097B /* ViewController.h */,
				A3A0543A1C21136600FD097B /* ViewController.m */,
				A3A0543C1C21136600FD097B /* Main.storyboard */,
				A3A0543F1C21136600FD097B /* Assets.xcassets */,
				A3A054411C21136600FD097B /* LaunchScreen.storyboard */,
				A3A054441C21136600FD097B /* Info.plist */,
				A3A054331C21136600FD097B /* Supporting Files */,
			);
			path = Categories;
			sourceTree = "<group>";
		};
		A3A054331C21136600FD097B /* Supporting Files */ = {
			isa = PBXGroup;
			children = (
				A3A054341C21136600FD097B /* main.m */,
			);
			name = "Supporting Files";
			sourceTree = "<group>";
		};
		A3A0544C1C21136700FD097B /* CategoriesTests */ = {
			isa = PBXGroup;
			children = (
				A3A0544D1C21136700FD097B /* CategoriesTests.m */,
				A3A0544F1C21136700FD097B /* Info.plist */,
			);
			path = CategoriesTests;
			sourceTree = "<group>";
		};
		A3A054571C21136700FD097B /* CategoriesUITests */ = {
			isa = PBXGroup;
			children = (
				A3A054581C21136700FD097B /* CategoriesUITests.m */,
				A3A0545A1C21136700FD097B /* Info.plist */,
			);
			path = CategoriesUITests;
			sourceTree = "<group>";
		};
/* End PBXGroup section */

/* Begin PBXNativeTarget section */
		A3A0542F1C21136600FD097B /* Categories */ = {
			isa = PBXNativeTarget;
			buildConfigurationList = A3A0545D1C21136700FD097B /* Build configuration list for PBXNativeTarget "Categories" */;
			buildPhases = (
				A3A0542C1C21136600FD097B /* Sources */,
				A3A0542D1C21136600FD097B /* Frameworks */,
				A3A0542E1C21136600FD097B /* Resources */,
			);
			buildRules = (
			);
			dependencies = (
			);
			name = Categories;
			productName = Categories;
			productReference = A3A054301C21136600FD097B /* Categories.app */;
			productType = "com.apple.product-type.application";
		};
		A3A054481C21136700FD097B /* CategoriesTests */ = {
			isa = PBXNativeTarget;
			buildConfigurationList = A3A054601C21136700FD097B /* Build configuration list for PBXNativeTarget "CategoriesTests" */;
			buildPhases = (
				A3A054451C21136700FD097B /* Sources */,
				A3A054461C21136700FD097B /* Frameworks */,
				A3A054471C21136700FD097B /* Resources */,
			);
			buildRules = (
			);
			dependencies = (
				A3A0544B1C21136700FD097B /* PBXTargetDependency */,
			);
			name = CategoriesTests;
			productName = CategoriesTests;
			productReference = A3A054491C21136700FD097B /* CategoriesTests.xctest */;
			productType = "com.apple.product-type.bundle.unit-test";
		};
		A3A054531C21136700FD097B /* CategoriesUITests */ = {
			isa = PBXNativeTarget;
			buildConfigurationList = A3A054631C21136700FD097B /* Build configuration list for PBXNativeTarget "CategoriesUITests" */;
			buildPhases = (
				A3A054501C21136700FD097B /* Sources */,
				A3A054511C21136700FD097B /* Frameworks */,
				A3A054521C21136700FD097B /* Resources */,
			);
			buildRules = (
			);
			dependencies = (
				A3A054561C21136700FD097B /* PBXTargetDependency */,
			);
			name = CategoriesUITests;
			productName = CategoriesUITests;
			productReference = A3A054541C21136700FD097B /* CategoriesUITests.xctest */;
			productType = "com.apple.product-type.bundle.ui-testing";
		};
/* End PBXNativeTarget section */

/* Begin PBXProject section */
		A3A054281C21136600FD097B /* Project object */ = {
			isa = PBXProject;
			attributes = {
				LastUpgradeCheck = 0720;
				ORGANIZATIONNAME = "Priya Bhasin";
				TargetAttributes = {
					A3A0542F1C21136600FD097B = {
						CreatedOnToolsVersion = 7.2;
					};
					A3A054481C21136700FD097B = {
						CreatedOnToolsVersion = 7.2;
						TestTargetID = A3A0542F1C21136600FD097B;
					};
					A3A054531C21136700FD097B = {
						CreatedOnToolsVersion = 7.2;
						TestTargetID = A3A0542F1C21136600FD097B;
					};
				};
			};
			buildConfigurationList = A3A0542B1C21136600FD097B /* Build configuration list for PBXProject "Categories" */;
			compatibilityVersion = "Xcode 3.2";
			developmentRegion = English;
			hasScannedForEncodings = 0;
			knownRegions = (
				en,
				Base,
			);
			mainGroup = A3A054271C21136600FD097B;
			productRefGroup = A3A054311C21136600FD097B /* Products */;
			projectDirPath = "";
			projectRoot = "";
			targets = (
				A3A0542F1C21136600FD097B /* Categories */,
				A3A054481C21136700FD097B /* CategoriesTests */,
				A3A054531C21136700FD097B /* CategoriesUITests */,
			);
		};
/* End PBXProject section */

/* Begin PBXResourcesBuildPhase section */
		A3A0542E1C21136600FD097B /* Resources */ = {
			isa = PBXResourcesBuildPhase;
			buildActionMask = 2147483647;
			files = (
				A3A054431C21136600FD097B /* LaunchScreen.storyboard in Resources */,
				A3A054401C21136600FD097B /* Assets.xcassets in Resources */,
				A3A0543E1C21136600FD097B /* Main.storyboard in Resources */,
			);
			runOnlyForDeploymentPostprocessing = 0;
		};
		A3A054471C21136700FD097B /* Resources */ = {
			isa = PBXResourcesBuildPhase;
			buildActionMask = 2147483647;
			files = (
			);
			runOnlyForDeploymentPostprocessing = 0;
		};
		A3A054521C21136700FD097B /* Resources */ = {
			isa = PBXResourcesBuildPhase;
			buildActionMask = 2147483647;
			files = (
			);
			runOnlyForDeploymentPostprocessing = 0;
		};
/* End PBXResourcesBuildPhase section */

/* Begin PBXSourcesBuildPhase section */
		A3A0542C1C21136600FD097B /* Sources */ = {
			isa = PBXSourcesBuildPhase;
			buildActionMask = 2147483647;
			files = (
				A3A0543B1C21136600FD097B /* ViewController.m in Sources */,
				A3A054381C21136600FD097B /* AppDelegate.m in Sources */,
				A3A054351C21136600FD097B /* main.m in Sources */,
			);
			runOnlyForDeploymentPostprocessing = 0;
		};
		A3A054451C21136700FD097B /* Sources */ = {
			isa = PBXSourcesBuildPhase;
			buildActionMask = 2147483647;
			files = (
				A3A0544E1C21136700FD097B /* CategoriesTests.m in Sources */,
			);
			runOnlyForDeploymentPostprocessing = 0;
		};
		A3A054501C21136700FD097B /* Sources */ = {
			isa = PBXSourcesBuildPhase;
			buildActionMask = 2147483647;
			files = (
				A3A054591C21136700FD097B /* CategoriesUITests.m in Sources */,
			);
			runOnlyForDeploymentPostprocessing = 0;
		};
/* End PBXSourcesBuildPhase section */

/* Begin PBXTargetDependency section */
		A3A0544B1C21136700FD097B /* PBXTargetDependency */ = {
			isa = PBXTargetDependency;
			target = A3A0542F1C21136600FD097B /* Categories */;
			targetProxy = A3A0544A1C21136700FD097B /* PBXContainerItemProxy */;
		};
		A3A054561C21136700FD097B /* PBXTargetDependency */ = {
			isa = PBXTargetDependency;
			target = A3A0542F1C21136600FD097B /* Categories */;
			targetProxy = A3A054551C21136700FD097B /* PBXContainerItemProxy */;
		};
/* End PBXTargetDependency section */

/* Begin PBXVariantGroup section */
		A3A0543C1C21136600FD097B /* Main.storyboard */ = {
			isa = PBXVariantGroup;
			children = (
				A3A0543D1C21136600FD097B /* Base */,
			);
			name = Main.storyboard;
			sourceTree = "<group>";
		};
		A3A054411C21136600FD097B /* LaunchScreen.storyboard */ = {
			isa = PBXVariantGroup;
			children = (
				A3A054421C21136600FD097B /* Base */,
			);
			name = LaunchScreen.storyboard;
			sourceTree = "<group>";
		};
/* End PBXVariantGroup section */

/* Begin XCBuildConfiguration section */
		A3A0545B1C21136700FD097B /* Debug */ = {
			isa = XCBuildConfiguration;
			buildSettings = {
				ALWAYS_SEARCH_USER_PATHS = NO;
				CLANG_CXX_LANGUAGE_STANDARD = "gnu++0x";
				CLANG_CXX_LIBRARY = "libc++";
				CLANG_ENABLE_MODULES = YES;
				CLANG_ENABLE_OBJC_ARC = YES;
				CLANG_WARN_BOOL_CONVERSION = YES;
				CLANG_WARN_CONSTANT_CONVERSION = YES;
				CLANG_WARN_DIRECT_OBJC_ISA_USAGE = YES_ERROR;
				CLANG_WARN_EMPTY_BODY = YES;
				CLANG_WARN_ENUM_CONVERSION = YES;
				CLANG_WARN_INT_CONVERSION = YES;
				CLANG_WARN_OBJC_ROOT_CLASS = YES_ERROR;
				CLANG_WARN_UNREACHABLE_CODE = YES;
				CLANG_WARN__DUPLICATE_METHOD_MATCH = YES;
				"CODE_SIGN_IDENTITY[sdk=iphoneos*]" = "iPhone Developer";
				COPY_PHASE_STRIP = NO;
				DEBUG_INFORMATION_FORMAT = dwarf;
				ENABLE_STRICT_OBJC_MSGSEND = YES;
				ENABLE_TESTABILITY = YES;
				GCC_C_LANGUAGE_STANDARD = gnu99;
				GCC_DYNAMIC_NO_PIC = NO;
				GCC_NO_COMMON_BLOCKS = YES;
				GCC_OPTIMIZATION_LEVEL = 0;
				GCC_PREPROCESSOR_DEFINITIONS = (
					"DEBUG=1",
					"$(inherited)",
				);
				GCC_WARN_64_TO_32_BIT_CONVERSION = YES;
				GCC_WARN_ABOUT_RETURN_TYPE = YES_ERROR;
				GCC_WARN_UNDECLARED_SELECTOR = YES;
				GCC_WARN_UNINITIALIZED_AUTOS = YES_AGGRESSIVE;
				GCC_WARN_UNUSED_FUNCTION = YES;
				GCC_WARN_UNUSED_VARIABLE = YES;
				IPHONEOS_DEPLOYMENT_TARGET = 9.2;
				MTL_ENABLE_DEBUG_INFO = YES;
				ONLY_ACTIVE_ARCH = YES;
				SDKROOT = iphoneos;
				TARGETED_DEVICE_FAMILY = "1,2";
			};
			name = Debug;
		};
		A3A0545C1C21136700FD097B /* Release */ = {
			isa = XCBuildConfiguration;
			buildSettings = {
				ALWAYS_SEARCH_USER_PATHS = NO;
				CLANG_CXX_LANGUAGE_STANDARD = "gnu++0x";
				CLANG_CXX_LIBRARY = "libc++";
				CLANG_ENABLE_MODULES = YES;
				CLANG_ENABLE_OBJC_ARC = YES;
				CLANG_WARN_BOOL_CONVERSION = YES;
				CLANG_WARN_CONSTANT_CONVERSION = YES;
				CLANG_WARN_DIRECT_OBJC_ISA_USAGE = YES_ERROR;
				CLANG_WARN_EMPTY_BODY = YES;
				CLANG_WARN_ENUM_CONVERSION = YES;
				CLANG_WARN_INT_CONVERSION = YES;
				CLANG_WARN_OBJC_ROOT_CLASS = YES_ERROR;
				CLANG_WARN_UNREACHABLE_CODE = YES;
				CLANG_WARN__DUPLICATE_METHOD_MATCH = YES;
				"CODE_SIGN_IDENTITY[sdk=iphoneos*]" = "iPhone Developer";
				COPY_PHASE_STRIP = NO;
				DEBUG_INFORMATION_FORMAT = "dwarf-with-dsym";
				ENABLE_NS_ASSERTIONS = NO;
				ENABLE_STRICT_OBJC_MSGSEND = YES;
				GCC_C_LANGUAGE_STANDARD = gnu99;
				GCC_NO_COMMON_BLOCKS = YES;
				GCC_WARN_64_TO_32_BIT_CONVERSION = YES;
				GCC_WARN_ABOUT_RETURN_TYPE = YES_ERROR;
				GCC_WARN_UNDECLARED_SELECTOR = YES;
				GCC_WARN_UNINITIALIZED_AUTOS = YES_AGGRESSIVE;
				GCC_WARN_UNUSED_FUNCTION = YES;
				GCC_WARN_UNUSED_VARIABLE = YES;
				IPHONEOS_DEPLOYMENT_TARGET = 9.2;
				MTL_ENABLE_DEBUG_INFO = NO;
				SDKROOT = iphoneos;
				TARGETED_DEVICE_FAMILY = "1,2";
				VALIDATE_PRODUCT = YES;
			};
			name = Release;
		};
		A3A0545E1C21136700FD097B /* Debug */ = {
			isa = XCBuildConfiguration;
			buildSettings = {
				ASSETCATALOG_COMPILER_APPICON_NAME = AppIcon;
				INFOPLIST_FILE = Categories/Info.plist;
				LD_RUNPATH_SEARCH_PATHS = "$(inherited) @executable_path/Frameworks";
				PRODUCT_BUNDLE_IDENTIFIER = com.Categories;
				PRODUCT_NAME = "$(TARGET_NAME)";
			};
			name = Debug;
		};
		A3A0545F1C21136700FD097B /* Release */ = {
			isa = XCBuildConfiguration;
			buildSettings = {
				ASSETCATALOG_COMPILER_APPICON_NAME = AppIcon;
				INFOPLIST_FILE = Categories/Info.plist;
				LD_RUNPATH_SEARCH_PATHS = "$(inherited) @executable_path/Frameworks";
				PRODUCT_BUNDLE_IDENTIFIER = com.Categories;
				PRODUCT_NAME = "$(TARGET_NAME)";
			};
			name = Release;
		};
		A3A054611C21136700FD097B /* Debug */ = {
			isa = XCBuildConfiguration;
			buildSettings = {
				BUNDLE_LOADER = "$(TEST_HOST)";
				INFOPLIST_FILE = CategoriesTests/Info.plist;
				LD_RUNPATH_SEARCH_PATHS = "$(inherited) @executable_path/Frameworks @loader_path/Frameworks";
				PRODUCT_BUNDLE_IDENTIFIER = com.CategoriesTests;
				PRODUCT_NAME = "$(TARGET_NAME)";
				TEST_HOST = "$(BUILT_PRODUCTS_DIR)/Categories.app/Categories";
			};
			name = Debug;
		};
		A3A054621C21136700FD097B /* Release */ = {
			isa = XCBuildConfiguration;
			buildSettings = {
				BUNDLE_LOADER = "$(TEST_HOST)";
				INFOPLIST_FILE = CategoriesTests/Info.plist;
				LD_RUNPATH_SEARCH_PATHS = "$(inherited) @executable_path/Frameworks @loader_path/Frameworks";
				PRODUCT_BUNDLE_IDENTIFIER = com.CategoriesTests;
				PRODUCT_NAME = "$(TARGET_NAME)";
				TEST_HOST = "$(BUILT_PRODUCTS_DIR)/Categories.app/Categories";
			};
			name = Release;
		};
		A3A054641C21136700FD097B /* Debug */ = {
			isa = XCBuildConfiguration;
			buildSettings = {
				INFOPLIST_FILE = CategoriesUITests/Info.plist;
				LD_RUNPATH_SEARCH_PATHS = "$(inherited) @executable_path/Frameworks @loader_path/Frameworks";
				PRODUCT_BUNDLE_IDENTIFIER = com.CategoriesUITests;
				PRODUCT_NAME = "$(TARGET_NAME)";
				TEST_TARGET_NAME = Categories;
				USES_XCTRUNNER = YES;
			};
			name = Debug;
		};
		A3A054651C21136700FD097B /* Release */ = {
			isa = XCBuildConfiguration;
			buildSettings = {
				INFOPLIST_FILE = CategoriesUITests/Info.plist;
				LD_RUNPATH_SEARCH_PATHS = "$(inherited) @executable_path/Frameworks @loader_path/Frameworks";
				PRODUCT_BUNDLE_IDENTIFIER = com.CategoriesUITests;
				PRODUCT_NAME = "$(TARGET_NAME)";
				TEST_TARGET_NAME = Categories;
				USES_XCTRUNNER = YES;
			};
			name = Release;
		};
/* End XCBuildConfiguration section */

/* Begin XCConfigurationList section */
		A3A0542B1C21136600FD097B /* Build configuration list for PBXProject "Categories" */ = {
			isa = XCConfigurationList;
			buildConfigurations = (
				A3A0545B1C21136700FD097B /* Debug */,
				A3A0545C1C21136700FD097B /* Release */,
			);
			defaultConfigurationIsVisible = 0;
			defaultConfigurationName = Release;
		};
		A3A0545D1C21136700FD097B /* Build configuration list for PBXNativeTarget "Categories" */ = {
			isa = XCConfigurationList;
			buildConfigurations = (
				A3A0545E1C21136700FD097B /* Debug */,
				A3A0545F1C21136700FD097B /* Release */,
			);
			defaultConfigurationIsVisible = 0;
		};
		A3A054601C21136700FD097B /* Build configuration list for PBXNativeTarget "CategoriesTests" */ = {
			isa = XCConfigurationList;
			buildConfigurations = (
				A3A054611C21136700FD097B /* Debug */,
				A3A054621C21136700FD097B /* Release */,
			);
			defaultConfigurationIsVisible = 0;
		};
		A3A054631C21136700FD097B /* Build configuration list for PBXNativeTarget "CategoriesUITests" */ = {
			isa = XCConfigurationList;
			buildConfigurations = (
				A3A054641C21136700FD097B /* Debug */,
				A3A054651C21136700FD097B /* Release */,
			);
			defaultConfigurationIsVisible = 0;
		};
/* End XCConfigurationList section */
	};
	rootObject = A3A054281C21136600FD097B /* Project object */;
}
